
Microsoft Visual Studio Solution File, Format Version 12.00
# Visual Studio Version 17
VisualStudioVersion = 17.0.31919.166
MinimumVisualStudioVersion = 10.0.40219.1
Project("{FAE04EC0-301F-11D3-BF4B-00C04F79EFBC}") = "BookRoom", "BookRoom\BookRoom.csproj", "{03DCCDBB-410E-4378-9549-1E1FFF06C1C1}"
EndProject
Global
	GlobalSection(SolutionConfigurationPlatforms) = preSolution
		Debug|Any CPU = Debug|Any CPU
		Release|Any CPU = Release|Any CPU
	EndGlobalSection
	GlobalSection(ProjectConfigurationPlatforms) = postSolution
		{03DCCDBB-410E-4378-9549-1E1FFF06C1C1}.Debug|Any CPU.ActiveCfg = Debug|Any CPU
		{03DCCDBB-410E-4378-9549-1E1FFF06C1C1}.Debug|Any CPU.Build.0 = Debug|Any CPU
		{03DCCDBB-410E-4378-9549-1E1FFF06C1C1}.Release|Any CPU.ActiveCfg = Release|Any CPU
		{03DCCDBB-410E-4378-9549-1E1FFF06C1C1}.Release|Any CPU.Build.0 = Release|Any CPU
	EndGlobalSection
	GlobalSection(SolutionProperties) = preSolution
		HideSolutionNode = FALSE
	EndGlobalSection
	GlobalSection(ExtensibilityGlobals) = postSolution
		SolutionGuid = {0BCC7DA6-26B3-4A32-A432-F22A32DD5FD7}
	EndGlobalSection
EndGlobal
